
Microsoft Visual Studio Solution File, Format Version 12.00
# Visual Studio Version 16
VisualStudioVersion = 16.0.31729.503
MinimumVisualStudioVersion = 10.0.40219.1
Project("{FAE04EC0-301F-11D3-BF4B-00C04F79EFBC}") = "HttpResponseCode", "HttpResponseCode\HttpResponseCode.csproj", "{DD8AD324-800A-4957-8998-679DBD1D0435}"
EndProject
Global
	GlobalSection(SolutionConfigurationPlatforms) = preSolution
		Debug|Any CPU = Debug|Any CPU
		Release|Any CPU = Release|Any CPU
	EndGlobalSection
	GlobalSection(ProjectConfigurationPlatforms) = postSolution
		{DD8AD324-800A-4957-8998-679DBD1D0435}.Debug|Any CPU.ActiveCfg = Debug|Any CPU
		{DD8AD324-800A-4957-8998-679DBD1D0435}.Debug|Any CPU.Build.0 = Debug|Any CPU
		{DD8AD324-800A-4957-8998-679DBD1D0435}.Release|Any CPU.ActiveCfg = Release|Any CPU
		{DD8AD324-800A-4957-8998-679DBD1D0435}.Release|Any CPU.Build.0 = Release|Any CPU
	EndGlobalSection
	GlobalSection(SolutionProperties) = preSolution
		HideSolutionNode = FALSE
	EndGlobalSection
	GlobalSection(ExtensibilityGlobals) = postSolution
		SolutionGuid = {21833008-44F5-4FD8-B7B3-5081B87B1CF7}
	EndGlobalSection
EndGlobal
